# This file was autogenerated by Stack.
# You should not edit this file by hand.
# For more information, please see the documentation at:
#   https://docs.haskellstack.org/en/stable/lock_files

packages:
- completed:
    hackage: split-0.2.3.5@sha256:f472fa7019647cacac3267742a6f7ac0a5c816f9890e80e4b826cd937436de87,2646
    pantry-tree:
      sha256: 516449cf535bbfc78cf1a5795d28dd1e0f19b65a07c33a78b45566101fecc534
      size: 439
  original:
    hackage: split-0.2.3.5@sha256:f472fa7019647cacac3267742a6f7ac0a5c816f9890e80e4b826cd937436de87,2646
- completed:
    hackage: bifunctors-5.5.13@sha256:66f1c1d0cba5de9d8810e2ef0be700b98d3689482f605cc46a69283e92a60840,3794
    pantry-tree:
      sha256: 7128056f2530608c7cb2ad331c577ed03df1ab84bed09dddc8b0e043d010ced6
      size: 1758
  original:
    hackage: bifunctors-5.5.13@sha256:66f1c1d0cba5de9d8810e2ef0be700b98d3689482f605cc46a69283e92a60840,3794
- completed:
    hackage: base-orphans-0.8.7@sha256:58d5514b688ec037f53b9d60097b9d87f6b3847da68f65124987d67222c3a334,3175
    pantry-tree:
      sha256: b2433cf19ebc5696130ecf39a3ed756cdb00fd508423643b0cdd6f125c9803da
      size: 1272
  original:
    hackage: base-orphans-0.8.7@sha256:58d5514b688ec037f53b9d60097b9d87f6b3847da68f65124987d67222c3a334,3175
- completed:
    hackage: comonad-5.0.8@sha256:1f1aabd73ec7f80f20cf078a748a60cd48d8e57277802fdf6a9ab3601a9b8f7e,3631
    pantry-tree:
      sha256: 394660fe7fa4127e5a181890bce28b9fcd6eb180ba25aa5566bc8b5bdd385517
      size: 1618
  original:
    hackage: comonad-5.0.8@sha256:1f1aabd73ec7f80f20cf078a748a60cd48d8e57277802fdf6a9ab3601a9b8f7e,3631
- completed:
    hackage: tagged-0.8.6.1@sha256:8a24aef29b8e35447ccc56658ea07c2aded30bfa8130ea057e382936e17c74a6,2874
    pantry-tree:
      sha256: 38c9b55d6918304b17a6c70a51ad9d981e9f64e08121482d9a801d4e4681a7db
      size: 496
  original:
    hackage: tagged-0.8.6.1@sha256:8a24aef29b8e35447ccc56658ea07c2aded30bfa8130ea057e382936e17c74a6,2874
- completed:
    hackage: th-abstraction-0.4.5.0@sha256:313f8b3c65781310df66ba86518bcf7662b1b419b601afaf72bb977c255fe6e9,2148
    pantry-tree:
      sha256: b89abb8fbe9ba55a8a06db243218e216c2b6ee139fc01d684212fc97a10a5683
      size: 670
  original:
    hackage: th-abstraction-0.4.5.0@sha256:313f8b3c65781310df66ba86518bcf7662b1b419b601afaf72bb977c255fe6e9,2148
- completed:
    hackage: distributive-0.6.2.1@sha256:0f99f5541cca04acf89b64432b03422b6408e830a8dff30e6c4334ef1a48680c,2996
    pantry-tree:
      sha256: a42bed5fe0ba295643538312dee6c9436314c05a6f7efdd32b4303979f8bd744
      size: 735
  original:
    hackage: distributive-0.6.2.1@sha256:0f99f5541cca04acf89b64432b03422b6408e830a8dff30e6c4334ef1a48680c,2996
- completed:
    hackage: indexed-traversable-0.1.2@sha256:52a1b708abd921f91a5977f6ae53c4aa2b33f7c30be0fff17173f658b34c5350,2533
    pantry-tree:
      sha256: 0bedadc62cad982ab85dc4d57ca7cf353b526a46fd203addd9bf8b7cf0136c25
      size: 495
  original:
    hackage: indexed-traversable-0.1.2@sha256:52a1b708abd921f91a5977f6ae53c4aa2b33f7c30be0fff17173f658b34c5350,2533
- completed:
    hackage: transformers-compat-0.7.2@sha256:044fb9955f63ee138fcebedfdcbe54afe741f2d5892a2d0bdf3a8052bd342643,5601
    pantry-tree:
      sha256: f49610c6a2faf82111e5d4222576f4afbcfa904bf56665232c5aa077dfc7578f
      size: 1724
  original:
    hackage: transformers-compat-0.7.2@sha256:044fb9955f63ee138fcebedfdcbe54afe741f2d5892a2d0bdf3a8052bd342643,5601
- completed:
    hackage: matrix-0.3.6.1@sha256:96ab17d9a959cd5c0e9e6db5bc48069dba5f6fa17f7f4aea838d22f35e7bc047,1941
    pantry-tree:
      sha256: f04e95e139e7463809a1e30204f339a9b7938cf0aa54c74f68ac788aad3e316d
      size: 417
  original:
    hackage: matrix-0.3.6.1@sha256:96ab17d9a959cd5c0e9e6db5bc48069dba5f6fa17f7f4aea838d22f35e7bc047,1941
- completed:
    hackage: loop-0.3.0@sha256:bcc65428e53e9325523fdb80af3c04750548d8ee3f9ad6841272ca679f331bf2,2485
    pantry-tree:
      sha256: cfeb0c34639587acf862eb78a91990f0a7945ed5443dcced60e306641d62e738
      size: 483
  original:
    hackage: loop-0.3.0@sha256:bcc65428e53e9325523fdb80af3c04750548d8ee3f9ad6841272ca679f331bf2,2485
- completed:
    hackage: primitive-0.7.4.0@sha256:89b88a3e08493b7727fa4089b0692bfbdf7e1e666ef54635f458644eb8358764,2857
    pantry-tree:
      sha256: 71a850c658b70e869da19f61615d87d9d6ecec597f0e3d4b498da56559114829
      size: 1655
  original:
    hackage: primitive-0.7.4.0@sha256:89b88a3e08493b7727fa4089b0692bfbdf7e1e666ef54635f458644eb8358764,2857
- completed:
    hackage: semigroups-0.20@sha256:925341e6f7eb104cb490bef06eab93bb7995c7c67c51ee938185a2ddefa7aaf2,6333
    pantry-tree:
      sha256: d4d3f0b32a68cf8808fcb8d2de117ab9ec09dbfec93a297aa3d386ca79a0fe05
      size: 481
  original:
    hackage: semigroups-0.20@sha256:925341e6f7eb104cb490bef06eab93bb7995c7c67c51ee938185a2ddefa7aaf2,6333
- completed:
    hackage: vector-0.13.0.0@sha256:54528e95501742b99462cc543891f21177e7db34d960ce8e3cbb25afb16a9c89,9112
    pantry-tree:
      sha256: 70b31fa3803fc53ff469beba9e5022e92f6704e9b0ece953a0373b35ef09ca4d
      size: 4092
  original:
    hackage: vector-0.13.0.0@sha256:54528e95501742b99462cc543891f21177e7db34d960ce8e3cbb25afb16a9c89,9112
- completed:
    hackage: vector-stream-0.1.0.0@sha256:09b0f8dc4e51936b9d6b04791f0aa03f7c9759b5fb7140eac8a9461cda1e55a3,1404
    pantry-tree:
      sha256: 3753f1a0a0889a87e185a5a4537f6cf6f0dea1b71b8b2655c016dddcc2519fea
      size: 325
  original:
    hackage: vector-stream-0.1.0.0@sha256:09b0f8dc4e51936b9d6b04791f0aa03f7c9759b5fb7140eac8a9461cda1e55a3,1404
- completed:
    hackage: hashable-1.4.1.0@sha256:50b2f002c68fe67730ee7a3cd8607486197dd99b084255005ad51ecd6970a41b,5019
    pantry-tree:
      sha256: 9af2f7a42674f7effcabbebc043f97057240783f1709338a77f58216f4a5f18c
      size: 1248
  original:
    hackage: hashable-1.4.1.0@sha256:50b2f002c68fe67730ee7a3cd8607486197dd99b084255005ad51ecd6970a41b,5019
- completed:
    hackage: psqueues-0.2.7.3@sha256:7213d78598d397255b1861df318d9b5058577f86a9b83a8b652540cbdbc83033,4834
    pantry-tree:
      sha256: b4ccb2bc60af99ae76d6f978a533698bfb931730972d4b4be0e22fef9cf60c85
      size: 1696
  original:
    hackage: psqueues-0.2.7.3@sha256:7213d78598d397255b1861df318d9b5058577f86a9b83a8b652540cbdbc83033,4834
- completed:
    hackage: unordered-containers-0.2.19.1@sha256:db11042bb0356c0adea277d0794743829125b4c99455af6af2bd5f7bd5e88a39,3797
    pantry-tree:
      sha256: ac7a077274515b8afdf98138177b2fd2293c8bb346c5ec5caf2c5999da495112
      size: 1517
  original:
    hackage: unordered-containers-0.2.19.1@sha256:db11042bb0356c0adea277d0794743829125b4c99455af6af2bd5f7bd5e88a39,3797
- completed:
    hackage: astar-0.3.0.0@sha256:8bf6350542e9db9451490e8993560ee843dc48a61d46a206985430f9b62461c8,967
    pantry-tree:
      sha256: c4176cc3fc9ad39f2a9fc7eb4346c87b6e60b70ba23d8e2adbdfc81fe544b808
      size: 213
  original:
    hackage: astar-0.3.0.0@sha256:8bf6350542e9db9451490e8993560ee843dc48a61d46a206985430f9b62461c8,967
- completed:
    hackage: regex-compat-0.95.2.1@sha256:96c83b06280ebfb6fef01864b2af9eb9e136a9832c563773f327d4197bbbb851,1705
    pantry-tree:
      sha256: 3e65e1219ca48e8988b93151ef6d3d705f57ae65f1ba91e8e8b626c2eaa6b43f
      size: 262
  original:
    hackage: regex-compat-0.95.2.1@sha256:96c83b06280ebfb6fef01864b2af9eb9e136a9832c563773f327d4197bbbb851,1705
- completed:
    hackage: regex-base-0.94.0.2@sha256:4ff4425c710cddf440dfbac6cd52310bb6b23e17902390ff71c9fc7eaafc4fcc,2643
    pantry-tree:
      sha256: 6415af6c7af19d83283a19407cbf9ece0dc9cf9be9a0d9560d0456247cfa0d00
      size: 531
  original:
    hackage: regex-base-0.94.0.2@sha256:4ff4425c710cddf440dfbac6cd52310bb6b23e17902390ff71c9fc7eaafc4fcc,2643
- completed:
    hackage: regex-posix-0.96.0.1@sha256:9dbba4b65a3bb6975d9740814be5593c6b2d2d6a0b3febc8ec940edb9a9bbdf4,2954
    pantry-tree:
      sha256: 63f9502667a393dc22ca34f42bb5b0241d9eb92938627f782a8ff89e52ece48e
      size: 748
  original:
    hackage: regex-posix-0.96.0.1@sha256:9dbba4b65a3bb6975d9740814be5593c6b2d2d6a0b3febc8ec940edb9a9bbdf4,2954
snapshots: []
